
Microsoft Visual Studio Solution File, Format Version 12.00
# Visual Studio Version 17
VisualStudioVersion = 17.8.34330.188
MinimumVisualStudioVersion = 10.0.40219.1
Project("{FAE04EC0-301F-11D3-BF4B-00C04F79EFBC}") = "Web", "Web.csproj", "{6BF35EE0-0BC9-4075-B586-73938ECD70D6}"
EndProject
Project("{FAE04EC0-301F-11D3-BF4B-00C04F79EFBC}") = "Application", "..\Application\Application.csproj", "{0D4CC64C-5F28-4E8E-B59B-EF03F85FAB3E}"
EndProject
Project("{FAE04EC0-301F-11D3-BF4B-00C04F79EFBC}") = "Infrastructure", "..\Infrastructure\Infrastructure.csproj", "{A1540901-BB17-481F-B4B8-2056293AA7EA}"
EndProject
Project("{FAE04EC0-301F-11D3-BF4B-00C04F79EFBC}") = "Domain", "..\Domain\Domain.csproj", "{905651F2-3934-40D6-947C-91AC566F4E10}"
EndProject
Global
	GlobalSection(SolutionConfigurationPlatforms) = preSolution
		Debug|Any CPU = Debug|Any CPU
		Release|Any CPU = Release|Any CPU
	EndGlobalSection
	GlobalSection(ProjectConfigurationPlatforms) = postSolution
		{6BF35EE0-0BC9-4075-B586-73938ECD70D6}.Debug|Any CPU.ActiveCfg = Debug|Any CPU
		{6BF35EE0-0BC9-4075-B586-73938ECD70D6}.Debug|Any CPU.Build.0 = Debug|Any CPU
		{6BF35EE0-0BC9-4075-B586-73938ECD70D6}.Release|Any CPU.ActiveCfg = Release|Any CPU
		{6BF35EE0-0BC9-4075-B586-73938ECD70D6}.Release|Any CPU.Build.0 = Release|Any CPU
		{0D4CC64C-5F28-4E8E-B59B-EF03F85FAB3E}.Debug|Any CPU.ActiveCfg = Debug|Any CPU
		{0D4CC64C-5F28-4E8E-B59B-EF03F85FAB3E}.Debug|Any CPU.Build.0 = Debug|Any CPU
		{0D4CC64C-5F28-4E8E-B59B-EF03F85FAB3E}.Release|Any CPU.ActiveCfg = Release|Any CPU
		{0D4CC64C-5F28-4E8E-B59B-EF03F85FAB3E}.Release|Any CPU.Build.0 = Release|Any CPU
		{A1540901-BB17-481F-B4B8-2056293AA7EA}.Debug|Any CPU.ActiveCfg = Debug|Any CPU
		{A1540901-BB17-481F-B4B8-2056293AA7EA}.Debug|Any CPU.Build.0 = Debug|Any CPU
		{A1540901-BB17-481F-B4B8-2056293AA7EA}.Release|Any CPU.ActiveCfg = Release|Any CPU
		{A1540901-BB17-481F-B4B8-2056293AA7EA}.Release|Any CPU.Build.0 = Release|Any CPU
		{905651F2-3934-40D6-947C-91AC566F4E10}.Debug|Any CPU.ActiveCfg = Debug|Any CPU
		{905651F2-3934-40D6-947C-91AC566F4E10}.Debug|Any CPU.Build.0 = Debug|Any CPU
		{905651F2-3934-40D6-947C-91AC566F4E10}.Release|Any CPU.ActiveCfg = Release|Any CPU
		{905651F2-3934-40D6-947C-91AC566F4E10}.Release|Any CPU.Build.0 = Release|Any CPU
	EndGlobalSection
	GlobalSection(SolutionProperties) = preSolution
		HideSolutionNode = FALSE
	EndGlobalSection
	GlobalSection(ExtensibilityGlobals) = postSolution
		SolutionGuid = {22DEC131-44C4-4FA3-B2C2-09986025BA75}
	EndGlobalSection
EndGlobal
